{
    "_readme": [
        "This file locks the dependencies of your project to a known state",
        "Read more about it at https://getcomposer.org/doc/01-basic-usage.md#installing-dependencies",
        "This file is @generated automatically"
    ],
    "content-hash": "040e3c8bd2eab0f5ef35119b803c2fc1",
    "packages": [
        {
            "name": "grimmlink/webui-popover",
            "version": "1.2.18",
            "dist": {
                "type": "tar",
                "url": "https://github.com/grimmlink/webui-popover/archive/refs/heads/master.tar.gz"
            },
            "type": "omeka-addon-asset",
            "extra": {
                "installer-name": "webui-popover-full"
            }
        }
    ],
    "packages-dev": [],
    "aliases": [],
    "minimum-stability": "stable",
    "stability-flags": [],
    "prefer-stable": false,
    "prefer-lowest": false,
    "platform": [],
    "platform-dev": [],
    "plugin-api-version": "2.3.0"
}
